
Microsoft Visual Studio Solution File, Format Version 12.00
# Visual Studio Version 17
VisualStudioVersion = 17.9.34723.18
MinimumVisualStudioVersion = 10.0.40219.1
Project("{FAE04EC0-301F-11D3-BF4B-00C04F79EFBC}") = "SF_Standard", "SF_Standard\SF_Standard.csproj", "{E301A6FA-FA76-41F2-A33C-B798EF018F88}"
EndProject
Global
	GlobalSection(SolutionConfigurationPlatforms) = preSolution
		Debug|Any CPU = Debug|Any CPU
		Release|Any CPU = Release|Any CPU
	EndGlobalSection
	GlobalSection(ProjectConfigurationPlatforms) = postSolution
		{E301A6FA-FA76-41F2-A33C-B798EF018F88}.Debug|Any CPU.ActiveCfg = Debug|Any CPU
		{E301A6FA-FA76-41F2-A33C-B798EF018F88}.Debug|Any CPU.Build.0 = Debug|Any CPU
		{E301A6FA-FA76-41F2-A33C-B798EF018F88}.Release|Any CPU.ActiveCfg = Release|Any CPU
		{E301A6FA-FA76-41F2-A33C-B798EF018F88}.Release|Any CPU.Build.0 = Release|Any CPU
	EndGlobalSection
	GlobalSection(SolutionProperties) = preSolution
		HideSolutionNode = FALSE
	EndGlobalSection
	GlobalSection(ExtensibilityGlobals) = postSolution
		SolutionGuid = {8D4DCDD9-E1C0-4A84-9578-C64D975133DD}
	EndGlobalSection
EndGlobal
