
Microsoft Visual Studio Solution File, Format Version 12.00
# Visual Studio Version 17
VisualStudioVersion = 17.9.34723.18
MinimumVisualStudioVersion = 10.0.40219.1
Project("{FAE04EC0-301F-11D3-BF4B-00C04F79EFBC}") = "MirrorImageFixed", "MirrorImageFixed\MirrorImageFixed.csproj", "{B253084C-1BC5-4C5C-A99E-259627308EBC}"
EndProject
Global
	GlobalSection(SolutionConfigurationPlatforms) = preSolution
		Debug|Any CPU = Debug|Any CPU
		Release|Any CPU = Release|Any CPU
	EndGlobalSection
	GlobalSection(ProjectConfigurationPlatforms) = postSolution
		{B253084C-1BC5-4C5C-A99E-259627308EBC}.Debug|Any CPU.ActiveCfg = Debug|Any CPU
		{B253084C-1BC5-4C5C-A99E-259627308EBC}.Debug|Any CPU.Build.0 = Debug|Any CPU
		{B253084C-1BC5-4C5C-A99E-259627308EBC}.Release|Any CPU.ActiveCfg = Release|Any CPU
		{B253084C-1BC5-4C5C-A99E-259627308EBC}.Release|Any CPU.Build.0 = Release|Any CPU
	EndGlobalSection
	GlobalSection(SolutionProperties) = preSolution
		HideSolutionNode = FALSE
	EndGlobalSection
	GlobalSection(ExtensibilityGlobals) = postSolution
		SolutionGuid = {344510C9-C7E4-4D65-A845-81DFCC6E7EEA}
	EndGlobalSection
EndGlobal
