
Microsoft Visual Studio Solution File, Format Version 12.00
# Visual Studio Version 17
VisualStudioVersion = 17.9.34723.18
MinimumVisualStudioVersion = 10.0.40219.1
Project("{FAE04EC0-301F-11D3-BF4B-00C04F79EFBC}") = "Adelion", "Adelion\Adelion.csproj", "{F8DAA3BF-5543-49A2-8993-029BA2353D00}"
EndProject
Global
	GlobalSection(SolutionConfigurationPlatforms) = preSolution
		Debug|Any CPU = Debug|Any CPU
		Release|Any CPU = Release|Any CPU
	EndGlobalSection
	GlobalSection(ProjectConfigurationPlatforms) = postSolution
		{F8DAA3BF-5543-49A2-8993-029BA2353D00}.Debug|Any CPU.ActiveCfg = Debug|Any CPU
		{F8DAA3BF-5543-49A2-8993-029BA2353D00}.Debug|Any CPU.Build.0 = Debug|Any CPU
		{F8DAA3BF-5543-49A2-8993-029BA2353D00}.Release|Any CPU.ActiveCfg = Release|Any CPU
		{F8DAA3BF-5543-49A2-8993-029BA2353D00}.Release|Any CPU.Build.0 = Release|Any CPU
	EndGlobalSection
	GlobalSection(SolutionProperties) = preSolution
		HideSolutionNode = FALSE
	EndGlobalSection
	GlobalSection(ExtensibilityGlobals) = postSolution
		SolutionGuid = {2F3EA15B-84F9-416F-AF0E-8D6A30F05D94}
	EndGlobalSection
EndGlobal
