
Microsoft Visual Studio Solution File, Format Version 12.00
# Visual Studio Version 17
VisualStudioVersion = 17.11.35219.272
MinimumVisualStudioVersion = 10.0.40219.1
Project("{FAE04EC0-301F-11D3-BF4B-00C04F79EFBC}") = "Agent", "Agent\Agent.csproj", "{D4F87C79-790D-4811-90AC-012B488A0F7A}"
EndProject
Global
	GlobalSection(SolutionConfigurationPlatforms) = preSolution
		Debug|Any CPU = Debug|Any CPU
		Release|Any CPU = Release|Any CPU
	EndGlobalSection
	GlobalSection(ProjectConfigurationPlatforms) = postSolution
		{D4F87C79-790D-4811-90AC-012B488A0F7A}.Debug|Any CPU.ActiveCfg = Debug|Any CPU
		{D4F87C79-790D-4811-90AC-012B488A0F7A}.Debug|Any CPU.Build.0 = Debug|Any CPU
		{D4F87C79-790D-4811-90AC-012B488A0F7A}.Release|Any CPU.ActiveCfg = Release|Any CPU
		{D4F87C79-790D-4811-90AC-012B488A0F7A}.Release|Any CPU.Build.0 = Release|Any CPU
	EndGlobalSection
	GlobalSection(SolutionProperties) = preSolution
		HideSolutionNode = FALSE
	EndGlobalSection
	GlobalSection(ExtensibilityGlobals) = postSolution
		SolutionGuid = {DEC003CA-1A4B-4A87-92A0-4B12A31C9575}
	EndGlobalSection
EndGlobal
