
Microsoft Visual Studio Solution File, Format Version 12.00
# Visual Studio Version 17
VisualStudioVersion = 17.9.34723.18
MinimumVisualStudioVersion = 10.0.40219.1
Project("{FAE04EC0-301F-11D3-BF4B-00C04F79EFBC}") = "Altria_Alter", "Altria_Alter\Altria_Alter.csproj", "{4DB37E5F-E780-437D-9A79-B3F74DA7CEA5}"
EndProject
Global
	GlobalSection(SolutionConfigurationPlatforms) = preSolution
		Debug|Any CPU = Debug|Any CPU
		Release|Any CPU = Release|Any CPU
	EndGlobalSection
	GlobalSection(ProjectConfigurationPlatforms) = postSolution
		{4DB37E5F-E780-437D-9A79-B3F74DA7CEA5}.Debug|Any CPU.ActiveCfg = Debug|Any CPU
		{4DB37E5F-E780-437D-9A79-B3F74DA7CEA5}.Debug|Any CPU.Build.0 = Debug|Any CPU
		{4DB37E5F-E780-437D-9A79-B3F74DA7CEA5}.Release|Any CPU.ActiveCfg = Release|Any CPU
		{4DB37E5F-E780-437D-9A79-B3F74DA7CEA5}.Release|Any CPU.Build.0 = Release|Any CPU
	EndGlobalSection
	GlobalSection(SolutionProperties) = preSolution
		HideSolutionNode = FALSE
	EndGlobalSection
	GlobalSection(ExtensibilityGlobals) = postSolution
		SolutionGuid = {EE7CB7BA-CFFD-447E-A586-D713064519AB}
	EndGlobalSection
EndGlobal
